{
    "_readme": [
        "This file locks the dependencies of your project to a known state",
        "Read more about it at https://getcomposer.org/doc/01-basic-usage.md#composer-lock-the-lock-file",
        "This file is @generated automatically"
    ],
    "hash": "3ce57b61412bf596938b8b8efe83283e",
    "content-hash": "0b92827368c771518fcb4ecc15b367d5",
    "packages": [
        {
            "name": "facebook/php-ads-sdk",
            "version": "2.10.1",
            "source": {
                "type": "git",
                "url": "https://github.com/facebook/facebook-php-ads-sdk.git",
                "reference": "bfea2cc94565283476ed689889486f9fa305d604"
            },
            "dist": {
                "type": "zip",
                "url": "https://api.github.com/repos/facebook/facebook-php-ads-sdk/zipball/bfea2cc94565283476ed689889486f9fa305d604",
                "reference": "bfea2cc94565283476ed689889486f9fa305d604",
                "shasum": ""
            },
            "require-dev": {
                "phpunit/phpunit": "~4.6",
                "symfony/finder": "~2.6"
            },
            "type": "library",
            "autoload": {
                "psr-4": {
                    "FacebookAds\\": "src/FacebookAds/"
                }
            },
            "notification-url": "https://packagist.org/downloads/",
            "license": [
                "Facebook Platform"
            ],
            "description": "PHP SDK for Facebook ads",
            "homepage": "https://developers.facebook.com/",
            "keywords": [
                "ads",
                "facebook",
                "sdk"
            ],
            "time": "2017-07-18 21:11:11"
        }
    ],
    "packages-dev": [],
    "aliases": [],
    "minimum-stability": "stable",
    "stability-flags": [],
    "prefer-stable": false,
    "prefer-lowest": false,
    "platform": [],
    "platform-dev": []
}
